{
  "version": "5",
  "specifiers": {
    "jsr:@cliffy/command@^1.0.0-rc.7": "1.0.0-rc.7",
    "jsr:@cliffy/flags@1.0.0-rc.7": "1.0.0-rc.7",
    "jsr:@cliffy/internal@1.0.0-rc.7": "1.0.0-rc.7",
    "jsr:@cliffy/table@1.0.0-rc.7": "1.0.0-rc.7",
    "jsr:@hono/hono@4.8.0": "4.8.0",
    "jsr:@luca/esbuild-deno-loader@~0.11.1": "0.11.1",
    "jsr:@std/bytes@^1.0.2": "1.0.6",
    "jsr:@std/bytes@^1.0.5": "1.0.6",
    "jsr:@std/cli@^1.0.1": "1.0.20",
    "jsr:@std/encoding@^1.0.5": "1.0.10",
    "jsr:@std/fmt@~1.0.2": "1.0.8",
    "jsr:@std/fs@^1.0.18": "1.0.18",
    "jsr:@std/io@~0.225.2": "0.225.2",
    "jsr:@std/path@^1.0.6": "1.1.0",
    "jsr:@std/path@^1.0.8": "1.1.0",
    "jsr:@std/path@^1.1.0": "1.1.0",
    "jsr:@std/text@~1.0.7": "1.0.14",
    "jsr:@std/yaml@^1.0.8": "1.0.8",
    "npm:@codemirror/autocomplete@6.18.6": "6.18.6",
    "npm:@codemirror/commands@6.8.1": "6.8.1",
    "npm:@codemirror/lang-css@6.3.1": "6.3.1",
    "npm:@codemirror/lang-html@6.4.9": "6.4.9",
    "npm:@codemirror/lang-javascript@6.2.4": "6.2.4",
    "npm:@codemirror/lang-markdown@6.3.3": "6.3.3",
    "npm:@codemirror/language@6.11.1": "6.11.1",
    "npm:@codemirror/legacy-modes@6.5.1": "6.5.1",
    "npm:@codemirror/lint@6.8.5": "6.8.5",
    "npm:@codemirror/search@6.5.11": "6.5.11",
    "npm:@codemirror/state@6.5.2": "6.5.2",
    "npm:@codemirror/view@6.37.2": "6.37.2",
    "npm:@joplin/turndown-plugin-gfm@1.0.62": "1.0.62",
    "npm:@lezer/common@1.2.3": "1.2.3",
    "npm:@lezer/css@1.2.1": "1.2.1",
    "npm:@lezer/highlight@1.2.1": "1.2.1",
    "npm:@lezer/html@1.3.10": "1.3.10",
    "npm:@lezer/javascript@1.5.1": "1.5.1",
    "npm:@lezer/lr@1.4.2": "1.4.2",
    "npm:@lezer/markdown@1.4.3": "1.4.3",
    "npm:@replit/codemirror-lang-nix@6.0.1": "6.0.1_@codemirror+autocomplete@6.18.6_@codemirror+language@6.11.1_@codemirror+state@6.5.2_@codemirror+view@6.37.2_@lezer+common@1.2.3_@lezer+highlight@1.2.1_@lezer+lr@1.4.2",
    "npm:@replit/codemirror-vim@6.3.0": "6.3.0_@codemirror+commands@6.8.1_@codemirror+language@6.11.1_@codemirror+search@6.5.11_@codemirror+state@6.5.2_@codemirror+view@6.37.2",
    "npm:@types/node@*": "22.15.15",
    "npm:ajv@8.17.1": "8.17.1",
    "npm:crelt@1.0.6": "1.0.6",
    "npm:fake-indexeddb@6.0.1": "6.0.1",
    "npm:fast-diff@1.3.0": "1.3.0",
    "npm:gitignore-parser@0.0.2": "0.0.2",
    "npm:idb@8.0.3": "8.0.3",
    "npm:js-yaml@4.1.0": "4.1.0",
    "npm:porter-stemmer@0.9.1": "0.9.1",
    "npm:preact-feather@4.2.1": "4.2.1_preact@10.26.9",
    "npm:preact@10.23.1": "10.23.1",
    "npm:preact@10.26.4": "10.26.4",
    "npm:preact@10.26.9": "10.26.9",
    "npm:style-mod@4.1.2": "4.1.2",
    "npm:turndown@7.2.0": "7.2.0"
  },
  "jsr": {
    "@cliffy/command@1.0.0-rc.7": {
      "integrity": "1288808d7a3cd18b86c24c2f920e47a6d954b7e23cadc35c8cbd78f8be41f0cd",
      "dependencies": [
        "jsr:@cliffy/flags",
        "jsr:@cliffy/internal",
        "jsr:@cliffy/table",
        "jsr:@std/fmt",
        "jsr:@std/text"
      ]
    },
    "@cliffy/flags@1.0.0-rc.7": {
      "integrity": "318d9be98f6a6417b108e03dec427dea96cdd41a15beb21d2554ae6da450a781",
      "dependencies": [
        "jsr:@std/text"
      ]
    },
    "@cliffy/internal@1.0.0-rc.7": {
      "integrity": "10412636ab3e67517d448be9eaab1b70c88eba9be22617b5d146257a11cc9b17"
    },
    "@cliffy/table@1.0.0-rc.7": {
      "integrity": "9fdd9776eda28a0b397981c400eeb1aa36da2371b43eefe12e6ff555290e3180",
      "dependencies": [
        "jsr:@std/fmt"
      ]
    },
    "@hono/hono@4.8.0": {
      "integrity": "7cfd082110a8658053e57902d187797721df45da9f923cc3ac75755009209f7a"
    },
    "@luca/esbuild-deno-loader@0.11.1": {
      "integrity": "dc020d16d75b591f679f6b9288b10f38bdb4f24345edb2f5732affa1d9885267",
      "dependencies": [
        "jsr:@std/bytes@^1.0.2",
        "jsr:@std/encoding",
        "jsr:@std/path@^1.0.6"
      ]
    },
    "@std/bytes@1.0.6": {
      "integrity": "f6ac6adbd8ccd99314045f5703e23af0a68d7f7e58364b47d2c7f408aeb5820a"
    },
    "@std/cli@1.0.20": {
      "integrity": "a8c384a2c98cec6ec6a2055c273a916e2772485eb784af0db004c5ab8ba52333"
    },
    "@std/encoding@1.0.10": {
      "integrity": "8783c6384a2d13abd5e9e87a7ae0520a30e9f56aeeaa3bdf910a3eaaf5c811a1"
    },
    "@std/fmt@1.0.8": {
      "integrity": "71e1fc498787e4434d213647a6e43e794af4fd393ef8f52062246e06f7e372b7"
    },
    "@std/fs@1.0.18": {
      "integrity": "24bcad99eab1af4fde75e05da6e9ed0e0dce5edb71b7e34baacf86ffe3969f3a",
      "dependencies": [
        "jsr:@std/path@^1.1.0"
      ]
    },
    "@std/io@0.225.2": {
      "integrity": "3c740cd4ee4c082e6cfc86458f47e2ab7cb353dc6234d5e9b1f91a2de5f4d6c7",
      "dependencies": [
        "jsr:@std/bytes@^1.0.5"
      ]
    },
    "@std/path@1.1.0": {
      "integrity": "ddc94f8e3c275627281cbc23341df6b8bcc874d70374f75fec2533521e3d6886"
    },
    "@std/text@1.0.14": {
      "integrity": "1a810108482414d19112b8b506ad0b7cba826000cd13f74274ffda6dd83d273f"
    },
    "@std/yaml@1.0.8": {
      "integrity": "90b8aab62995e929fa0ea5f4151c287275b63e321ac375c35ff7406ca60c169d"
    }
  },
  "npm": {
    "@codemirror/autocomplete@6.18.6": {
      "integrity": "sha512-PHHBXFomUs5DF+9tCOM/UoW6XQ4R44lLNNhRaW9PKPTU0D7lIjRg3ElxaJnTwsl/oHiR93WSXDBrekhoUGCPtg==",
      "dependencies": [
        "@codemirror/language",
        "@codemirror/state",
        "@codemirror/view",
        "@lezer/common"
      ]
    },
    "@codemirror/commands@6.8.1": {
      "integrity": "sha512-KlGVYufHMQzxbdQONiLyGQDUW0itrLZwq3CcY7xpv9ZLRHqzkBSoteocBHtMCoY7/Ci4xhzSrToIeLg7FxHuaw==",
      "dependencies": [
        "@codemirror/language",
        "@codemirror/state",
        "@codemirror/view",
        "@lezer/common"
      ]
    },
    "@codemirror/lang-css@6.3.1": {
      "integrity": "sha512-kr5fwBGiGtmz6l0LSJIbno9QrifNMUusivHbnA1H6Dmqy4HZFte3UAICix1VuKo0lMPKQr2rqB+0BkKi/S3Ejg==",
      "dependencies": [
        "@codemirror/autocomplete",
        "@codemirror/language",
        "@codemirror/state",
        "@lezer/common",
        "@lezer/css"
      ]
    },
    "@codemirror/lang-html@6.4.9": {
      "integrity": "sha512-aQv37pIMSlueybId/2PVSP6NPnmurFDVmZwzc7jszd2KAF8qd4VBbvNYPXWQq90WIARjsdVkPbw29pszmHws3Q==",
      "dependencies": [
        "@codemirror/autocomplete",
        "@codemirror/lang-css",
        "@codemirror/lang-javascript",
        "@codemirror/language",
        "@codemirror/state",
        "@codemirror/view",
        "@lezer/common",
        "@lezer/css",
        "@lezer/html"
      ]
    },
    "@codemirror/lang-javascript@6.2.4": {
      "integrity": "sha512-0WVmhp1QOqZ4Rt6GlVGwKJN3KW7Xh4H2q8ZZNGZaP6lRdxXJzmjm4FqvmOojVj6khWJHIb9sp7U/72W7xQgqAA==",
      "dependencies": [
        "@codemirror/autocomplete",
        "@codemirror/language",
        "@codemirror/lint",
        "@codemirror/state",
        "@codemirror/view",
        "@lezer/common",
        "@lezer/javascript"
      ]
    },
    "@codemirror/lang-markdown@6.3.3": {
      "integrity": "sha512-1fn1hQAPWlSSMCvnF810AkhWpNLkJpl66CRfIy3vVl20Sl4NwChkorCHqpMtNbXr1EuMJsrDnhEpjZxKZ2UX3A==",
      "dependencies": [
        "@codemirror/autocomplete",
        "@codemirror/lang-html",
        "@codemirror/language",
        "@codemirror/state",
        "@codemirror/view",
        "@lezer/common",
        "@lezer/markdown"
      ]
    },
    "@codemirror/language@6.11.1": {
      "integrity": "sha512-5kS1U7emOGV84vxC+ruBty5sUgcD0te6dyupyRVG2zaSjhTDM73LhVKUtVwiqSe6QwmEoA4SCiU8AKPFyumAWQ==",
      "dependencies": [
        "@codemirror/state",
        "@codemirror/view",
        "@lezer/common",
        "@lezer/highlight",
        "@lezer/lr",
        "style-mod"
      ]
    },
    "@codemirror/legacy-modes@6.5.1": {
      "integrity": "sha512-DJYQQ00N1/KdESpZV7jg9hafof/iBNp9h7TYo1SLMk86TWl9uDsVdho2dzd81K+v4retmK6mdC7WpuOQDytQqw==",
      "dependencies": [
        "@codemirror/language"
      ]
    },
    "@codemirror/lint@6.8.5": {
      "integrity": "sha512-s3n3KisH7dx3vsoeGMxsbRAgKe4O1vbrnKBClm99PU0fWxmxsx5rR2PfqQgIt+2MMJBHbiJ5rfIdLYfB9NNvsA==",
      "dependencies": [
        "@codemirror/state",
        "@codemirror/view",
        "crelt"
      ]
    },
    "@codemirror/search@6.5.11": {
      "integrity": "sha512-KmWepDE6jUdL6n8cAAqIpRmLPBZ5ZKnicE8oGU/s3QrAVID+0VhLFrzUucVKHG5035/BSykhExDL/Xm7dHthiA==",
      "dependencies": [
        "@codemirror/state",
        "@codemirror/view",
        "crelt"
      ]
    },
    "@codemirror/state@6.5.2": {
      "integrity": "sha512-FVqsPqtPWKVVL3dPSxy8wEF/ymIEuVzF1PK3VbUgrxXpJUSHQWWZz4JMToquRxnkw+36LTamCZG2iua2Ptq0fA==",
      "dependencies": [
        "@marijn/find-cluster-break"
      ]
    },
    "@codemirror/view@6.37.2": {
      "integrity": "sha512-XD3LdgQpxQs5jhOOZ2HRVT+Rj59O4Suc7g2ULvZ+Yi8eCkickrkZ5JFuoDhs2ST1mNI5zSsNYgR3NGa4OUrbnw==",
      "dependencies": [
        "@codemirror/state",
        "crelt",
        "style-mod",
        "w3c-keyname"
      ]
    },
    "@joplin/turndown-plugin-gfm@1.0.62": {
      "integrity": "sha512-Ts7cZ0Y9rIRgNkPtpXYB3BVjjSP2eeWzrPnQvJgNTC+FpopSjoaYjLQvPcEj1d6JcTMegnYoZK98/WJhm02Uaw=="
    },
    "@lezer/common@1.2.3": {
      "integrity": "sha512-w7ojc8ejBqr2REPsWxJjrMFsA/ysDCFICn8zEOR9mrqzOu2amhITYuLD8ag6XZf0CFXDrhKqw7+tW8cX66NaDA=="
    },
    "@lezer/css@1.2.1": {
      "integrity": "sha512-2F5tOqzKEKbCUNraIXc0f6HKeyKlmMWJnBB0i4XW6dJgssrZO/YlZ2pY5xgyqDleqqhiNJ3dQhbrV2aClZQMvg==",
      "dependencies": [
        "@lezer/common",
        "@lezer/highlight",
        "@lezer/lr"
      ]
    },
    "@lezer/highlight@1.2.1": {
      "integrity": "sha512-Z5duk4RN/3zuVO7Jq0pGLJ3qynpxUVsh7IbUbGj88+uV2ApSAn6kWg2au3iJb+0Zi7kKtqffIESgNcRXWZWmSA==",
      "dependencies": [
        "@lezer/common"
      ]
    },
    "@lezer/html@1.3.10": {
      "integrity": "sha512-dqpT8nISx/p9Do3AchvYGV3qYc4/rKr3IBZxlHmpIKam56P47RSHkSF5f13Vu9hebS1jM0HmtJIwLbWz1VIY6w==",
      "dependencies": [
        "@lezer/common",
        "@lezer/highlight",
        "@lezer/lr"
      ]
    },
    "@lezer/javascript@1.5.1": {
      "integrity": "sha512-ATOImjeVJuvgm3JQ/bpo2Tmv55HSScE2MTPnKRMRIPx2cLhHGyX2VnqpHhtIV1tVzIjZDbcWQm+NCTF40ggZVw==",
      "dependencies": [
        "@lezer/common",
        "@lezer/highlight",
        "@lezer/lr"
      ]
    },
    "@lezer/lr@1.4.2": {
      "integrity": "sha512-pu0K1jCIdnQ12aWNaAVU5bzi7Bd1w54J3ECgANPmYLtQKP0HBj2cE/5coBD66MT10xbtIuUr7tg0Shbsvk0mDA==",
      "dependencies": [
        "@lezer/common"
      ]
    },
    "@lezer/markdown@1.4.3": {
      "integrity": "sha512-kfw+2uMrQ/wy/+ONfrH83OkdFNM0ye5Xq96cLlaCy7h5UT9FO54DU4oRoIc0CSBh5NWmWuiIJA7NGLMJbQ+Oxg==",
      "dependencies": [
        "@lezer/common",
        "@lezer/highlight"
      ]
    },
    "@marijn/find-cluster-break@1.0.2": {
      "integrity": "sha512-l0h88YhZFyKdXIFNfSWpyjStDjGHwZ/U7iobcK1cQQD8sejsONdQtTVU+1wVN1PBw40PiiHB1vA5S7VTfQiP9g=="
    },
    "@mixmark-io/domino@2.2.0": {
      "integrity": "sha512-Y28PR25bHXUg88kCV7nivXrP2Nj2RueZ3/l/jdx6J9f8J4nsEGcgX0Qe6lt7Pa+J79+kPiJU3LguR6O/6zrLOw=="
    },
    "@replit/codemirror-lang-nix@6.0.1_@codemirror+autocomplete@6.18.6_@codemirror+language@6.11.1_@codemirror+state@6.5.2_@codemirror+view@6.37.2_@lezer+common@1.2.3_@lezer+highlight@1.2.1_@lezer+lr@1.4.2": {
      "integrity": "sha512-lvzjoYn9nfJzBD5qdm3Ut6G3+Or2wEacYIDJ49h9+19WSChVnxv4ojf+rNmQ78ncuxIt/bfbMvDLMeMP0xze6g==",
      "dependencies": [
        "@codemirror/autocomplete",
        "@codemirror/language",
        "@codemirror/state",
        "@codemirror/view",
        "@lezer/common",
        "@lezer/highlight",
        "@lezer/lr"
      ]
    },
    "@replit/codemirror-vim@6.3.0_@codemirror+commands@6.8.1_@codemirror+language@6.11.1_@codemirror+search@6.5.11_@codemirror+state@6.5.2_@codemirror+view@6.37.2": {
      "integrity": "sha512-aTx931ULAMuJx6xLf7KQDOL7CxD+Sa05FktTDrtLaSy53uj01ll3Zf17JdKsriER248oS55GBzg0CfCTjEneAQ==",
      "dependencies": [
        "@codemirror/commands",
        "@codemirror/language",
        "@codemirror/search",
        "@codemirror/state",
        "@codemirror/view"
      ]
    },
    "@types/node@22.15.15": {
      "integrity": "sha512-R5muMcZob3/Jjchn5LcO8jdKwSCbzqmPB6ruBxMcf9kbxtniZHP327s6C37iOfuw8mbKK3cAQa7sEl7afLrQ8A==",
      "dependencies": [
        "undici-types"
      ]
    },
    "ajv@8.17.1": {
      "integrity": "sha512-B/gBuNg5SiMTrPkC+A2+cW0RszwxYmn6VYxB/inlBStS5nx6xHIt/ehKRhIMhqusl7a8LjQoZnjCs5vhwxOQ1g==",
      "dependencies": [
        "fast-deep-equal",
        "fast-uri",
        "json-schema-traverse",
        "require-from-string"
      ]
    },
    "argparse@2.0.1": {
      "integrity": "sha512-8+9WqebbFzpX9OR+Wa6O29asIogeRMzcGtAINdpMHHyAg10f05aSFVBbcEqGf/PXw1EjAZ+q2/bEBg3DvurK3Q=="
    },
    "crelt@1.0.6": {
      "integrity": "sha512-VQ2MBenTq1fWZUH9DJNGti7kKv6EeAuYr3cLwxUWhIu1baTaXh4Ib5W2CqHVqib4/MqbYGJqiL3Zb8GJZr3l4g=="
    },
    "fake-indexeddb@6.0.1": {
      "integrity": "sha512-He2AjQGHe46svIFq5+L2Nx/eHDTI1oKgoevBP+TthnjymXiKkeJQ3+ITeWey99Y5+2OaPFbI1qEsx/5RsGtWnQ=="
    },
    "fast-deep-equal@3.1.3": {
      "integrity": "sha512-f3qQ9oQy9j2AhBe/H9VC91wLmKBCCU/gDOnKNAYG5hswO7BLKj09Hc5HYNz9cGI++xlpDCIgDaitVs03ATR84Q=="
    },
    "fast-diff@1.3.0": {
      "integrity": "sha512-VxPP4NqbUjj6MaAOafWeUn2cXWLcCtljklUtZf0Ind4XQ+QPtmA0b18zZy0jIQx+ExRVCR/ZQpBmik5lXshNsw=="
    },
    "fast-uri@3.0.6": {
      "integrity": "sha512-Atfo14OibSv5wAp4VWNsFYE1AchQRTv9cBGWET4pZWHzYshFSS9NQI6I57rdKn9croWVMbYFbLhJ+yJvmZIIHw=="
    },
    "gitignore-parser@0.0.2": {
      "integrity": "sha512-X6mpqUv59uWLGD4n3hZ8Cu8KbF2PMWPSFYmxZjdkpm3yOU7hSUYnzTkZI1mcWqchphvqyuz3/BhgBR4E/JtkCg=="
    },
    "idb@8.0.3": {
      "integrity": "sha512-LtwtVyVYO5BqRvcsKuB2iUMnHwPVByPCXFXOpuU96IZPPoPN6xjOGxZQ74pgSVVLQWtUOYgyeL4GE98BY5D3wg=="
    },
    "js-yaml@4.1.0": {
      "integrity": "sha512-wpxZs9NoxZaJESJGIZTyDEaYpl0FKSA+FB9aJiyemKhMwkxQg63h4T1KJgUGHpTqPDNRcmmYLugrRjJlBtWvRA==",
      "dependencies": [
        "argparse"
      ],
      "bin": true
    },
    "json-schema-traverse@1.0.0": {
      "integrity": "sha512-NM8/P9n3XjXhIZn1lLhkFaACTOURQXjWhV4BA/RnOv8xvgqtqpAX9IO4mRQxSx1Rlo4tqzeqb0sOlruaOy3dug=="
    },
    "porter-stemmer@0.9.1": {
      "integrity": "sha512-vnSYgMMWKMo0+zCUumdcQAYE2RD55k2b27sPySqseetSRaGtXCCktv3llCB4EXyU1nQApMM5u+rGwVWcW72AHg=="
    },
    "preact-feather@4.2.1_preact@10.26.9": {
      "integrity": "sha512-yK5kYW64AoOkm+xTtUjwcFx0zNrqVTbwmtww8G2AmAB6f8wyQgwZgc6oRXllSYeg7q1I8VbkUpErJuKJ6Vq2eA==",
      "dependencies": [
        "preact@10.26.9"
      ]
    },
    "preact@10.23.1": {
      "integrity": "sha512-O5UdRsNh4vdZaTieWe3XOgSpdMAmkIYBCT3VhQDlKrzyCm8lUYsk0fmVEvoQQifoOjFRTaHZO69ylrzTW2BH+A=="
    },
    "preact@10.26.4": {
      "integrity": "sha512-KJhO7LBFTjP71d83trW+Ilnjbo+ySsaAgCfXOXUlmGzJ4ygYPWmysm77yg4emwfmoz3b22yvH5IsVFHbhUaH5w=="
    },
    "preact@10.26.9": {
      "integrity": "sha512-SSjF9vcnF27mJK1XyFMNJzFd5u3pQiATFqoaDy03XuN00u4ziveVVEGt5RKJrDR8MHE/wJo9Nnad56RLzS2RMA=="
    },
    "require-from-string@2.0.2": {
      "integrity": "sha512-Xf0nWe6RseziFMu+Ap9biiUbmplq6S9/p+7w7YXP/JBHhrUDDUhwa+vANyubuqfZWTveU//DYVGsDG7RKL/vEw=="
    },
    "style-mod@4.1.2": {
      "integrity": "sha512-wnD1HyVqpJUI2+eKZ+eo1UwghftP6yuFheBqqe+bWCotBjC2K1YnteJILRMs3SM4V/0dLEW1SC27MWP5y+mwmw=="
    },
    "turndown@7.2.0": {
      "integrity": "sha512-eCZGBN4nNNqM9Owkv9HAtWRYfLA4h909E/WGAWWBpmB275ehNhZyk87/Tpvjbp0jjNl9XwCsbe6bm6CqFsgD+A==",
      "dependencies": [
        "@mixmark-io/domino"
      ]
    },
    "undici-types@6.21.0": {
      "integrity": "sha512-iwDZqg0QAGrg9Rav5H4n0M64c3mkR59cJ6wQp+7C4nI0gsmExaedaYLNO44eT4AtBBwjbTiGPMlt2Md0T9H9JQ=="
    },
    "w3c-keyname@2.2.8": {
      "integrity": "sha512-dpojBhNsCNN7T82Tm7k26A6G9ML3NkhDsnw9n/eoxSRlVBB4CEtIQ/KTCLI2Fwf3ataSXRhYFkQi3SlnFwPvPQ=="
    }
  },
  "remote": {
    "https://cdn.jsdelivr.net/gh/urielch/react-icons@1.0.8/lib/iconBase.tsx": "8ae4746f8fbe5e4e00bfe448e38876a6c5d0ca7edf0846b917b971bec5beaa6c",
    "https://cdn.jsdelivr.net/gh/urielch/react-icons@1.0.8/lib/iconContext.ts": "a3ef1f1821598622472bf8aea52eaa4fdc7d27149e1757d569e1dc1e3f34d49f",
    "https://cdn.jsdelivr.net/gh/urielch/react-icons@1.0.8/mod.ts": "faf8cbd7915c6b120c32649ba025c79a0207cbf71bac015eb8206336bd4a1a22",
    "https://deno.land/std@0.131.0/_util/assert.ts": "e94f2eb37cebd7f199952e242c77654e43333c1ac4c5c700e929ea3aa5489f74",
    "https://deno.land/std@0.131.0/_util/os.ts": "49b92edea1e82ba295ec946de8ffd956ed123e2948d9bd1d3e901b04e4307617",
    "https://deno.land/std@0.131.0/path/_constants.ts": "df1db3ffa6dd6d1252cc9617e5d72165cd2483df90e93833e13580687b6083c3",
    "https://deno.land/std@0.131.0/path/_interface.ts": "ee3b431a336b80cf445441109d089b70d87d5e248f4f90ff906820889ecf8d09",
    "https://deno.land/std@0.131.0/path/_util.ts": "c1e9686d0164e29f7d880b2158971d805b6e0efc3110d0b3e24e4b8af2190d2b",
    "https://deno.land/std@0.131.0/path/common.ts": "bee563630abd2d97f99d83c96c2fa0cca7cee103e8cb4e7699ec4d5db7bd2633",
    "https://deno.land/std@0.131.0/path/glob.ts": "cb5255638de1048973c3e69e420c77dc04f75755524cb3b2e160fe9277d939ee",
    "https://deno.land/std@0.131.0/path/mod.ts": "4275129bb766f0e475ecc5246aa35689eeade419d72a48355203f31802640be7",
    "https://deno.land/std@0.131.0/path/posix.ts": "663e4a6fe30a145f56aa41a22d95114c4c5582d8b57d2d7c9ed27ad2c47636bb",
    "https://deno.land/std@0.131.0/path/separator.ts": "fe1816cb765a8068afb3e8f13ad272351c85cbc739af56dacfc7d93d710fe0f9",
    "https://deno.land/std@0.131.0/path/win32.ts": "e7bdf63e8d9982b4d8a01ef5689425c93310ece950e517476e22af10f41a136e",
    "https://deno.land/std@0.162.0/_util/assert.ts": "e94f2eb37cebd7f199952e242c77654e43333c1ac4c5c700e929ea3aa5489f74",
    "https://deno.land/std@0.162.0/_util/os.ts": "8a33345f74990e627b9dfe2de9b040004b08ea5146c7c9e8fe9a29070d193934",
    "https://deno.land/std@0.162.0/fmt/colors.ts": "9e36a716611dcd2e4865adea9c4bec916b5c60caad4cdcdc630d4974e6bb8bd4",
    "https://deno.land/std@0.162.0/fs/_util.ts": "fdc156f897197f261a1c096dcf8ff9267ed0ff42bd5b31f55053a4763a4bae3b",
    "https://deno.land/std@0.162.0/fs/copy.ts": "73bdf24f4322648d9bc38ef983b818637ba368351d17aa03644209d3ce3eac31",
    "https://deno.land/std@0.162.0/fs/empty_dir.ts": "c15a0aaaf40f8c21cca902aa1e01a789ad0c2fd1b7e2eecf4957053c5dbf707f",
    "https://deno.land/std@0.162.0/fs/ensure_dir.ts": "76395fc1c989ca8d2de3aedfa8240eb8f5225cde20f926de957995b063135b80",
    "https://deno.land/std@0.162.0/fs/ensure_file.ts": "b8e32ea63aa21221d0219760ba3f741f682d7f7d68d0d24a3ec067c338568152",
    "https://deno.land/std@0.162.0/fs/ensure_link.ts": "5cc1c04f18487d7d1edf4c5469705f30b61390ffd24ad7db6df85e7209b32bb2",
    "https://deno.land/std@0.162.0/fs/ensure_symlink.ts": "5273557b8c50be69477aa9cb003b54ff2240a336db52a40851c97abce76b96ab",
    "https://deno.land/std@0.162.0/fs/eol.ts": "65b1e27320c3eec6fb653b27e20056ee3d015d3e91db388cfefa41616ebc7cb3",
    "https://deno.land/std@0.162.0/fs/exists.ts": "6a447912e49eb79cc640adacfbf4b0baf8e17ede6d5bed057062ce33c4fa0d68",
    "https://deno.land/std@0.162.0/fs/expand_glob.ts": "d3f62aefc7718d878904d60d91e8e6dbbf86c696d32b6cbbc333637acf7f8571",
    "https://deno.land/std@0.162.0/fs/mod.ts": "354a6f972ef4e00c4dd1f1339a8828ef0764c1c23d3c0010af3fcc025d8655b0",
    "https://deno.land/std@0.162.0/fs/move.ts": "6d7fa9da60dbc7a32dd7fdbc2ff812b745861213c8e92ba96dace0669b0c378c",
    "https://deno.land/std@0.162.0/fs/walk.ts": "d96d4e5b6a3552e8304f28a0fd0b317b812298298449044f8de4932c869388a5",
    "https://deno.land/std@0.162.0/path/_constants.ts": "df1db3ffa6dd6d1252cc9617e5d72165cd2483df90e93833e13580687b6083c3",
    "https://deno.land/std@0.162.0/path/_interface.ts": "ee3b431a336b80cf445441109d089b70d87d5e248f4f90ff906820889ecf8d09",
    "https://deno.land/std@0.162.0/path/_util.ts": "d16be2a16e1204b65f9d0dfc54a9bc472cafe5f4a190b3c8471ec2016ccd1677",
    "https://deno.land/std@0.162.0/path/common.ts": "bee563630abd2d97f99d83c96c2fa0cca7cee103e8cb4e7699ec4d5db7bd2633",
    "https://deno.land/std@0.162.0/path/glob.ts": "cb5255638de1048973c3e69e420c77dc04f75755524cb3b2e160fe9277d939ee",
    "https://deno.land/std@0.162.0/path/mod.ts": "56fec03ad0ebd61b6ab39ddb9b0ddb4c4a5c9f2f4f632e09dd37ec9ebfd722ac",
    "https://deno.land/std@0.162.0/path/posix.ts": "6b63de7097e68c8663c84ccedc0fd977656eb134432d818ecd3a4e122638ac24",
    "https://deno.land/std@0.162.0/path/separator.ts": "fe1816cb765a8068afb3e8f13ad272351c85cbc739af56dacfc7d93d710fe0f9",
    "https://deno.land/std@0.162.0/path/win32.ts": "ee8826dce087d31c5c81cd414714e677eb68febc40308de87a2ce4b40e10fb8d",
    "https://deno.land/std@0.162.0/testing/_diff.ts": "a23e7fc2b4d8daa3e158fa06856bedf5334ce2a2831e8bf9e509717f455adb2c",
    "https://deno.land/std@0.162.0/testing/_format.ts": "cd11136e1797791045e639e9f0f4640d5b4166148796cad37e6ef75f7d7f3832",
    "https://deno.land/std@0.162.0/testing/asserts.ts": "1e340c589853e82e0807629ba31a43c84ebdcdeca910c4a9705715dfdb0f5ce8",
    "https://deno.land/std@0.221.0/encoding/_util.ts": "beacef316c1255da9bc8e95afb1fa56ed69baef919c88dc06ae6cb7a6103d376",
    "https://deno.land/std@0.221.0/encoding/base64.ts": "8ccae67a1227b875340a8582ff707f37b131df435b07080d3bb58e07f5f97807",
    "https://deno.land/std@0.221.0/encoding/base64url.ts": "9cc46cf510436be63ac00ebf97a7de1993e603ca58e1853b344bf90d80ea9945",
    "https://deno.land/x/denoflate@1.2.1/mod.ts": "f5628e44b80b3d80ed525afa2ba0f12408e3849db817d47a883b801f9ce69dd6",
    "https://deno.land/x/denoflate@1.2.1/pkg/denoflate.js": "b9f9ad9457d3f12f28b1fb35c555f57443427f74decb403113d67364e4f2caf4",
    "https://deno.land/x/denoflate@1.2.1/pkg/denoflate_bg.wasm.js": "d581956245407a2115a3d7e8d85a9641c032940a8e810acbd59ca86afd34d44d",
    "https://deno.land/x/denosass@1.0.6/mod.ts": "5e9c142055d658f3acb2b370d0b412c783ed4b27db830f387525fb7f69a7ab3d",
    "https://deno.land/x/denosass@1.0.6/src/deps.ts": "cb5fa11799e3def8b593be3b5939d2755a2c7f1f4987f3af1bc4ad90922d3715",
    "https://deno.land/x/denosass@1.0.6/src/mod.ts": "d2b63172f98238f77831995a5d6c8a06af5252ad8fbe7b9ec40b60eae86f2164",
    "https://deno.land/x/denosass@1.0.6/src/types/module.types.ts": "7a5027482ded1d2967fbe690ef8f928446c5de8811c3333f9b09ae6e8122f9ba",
    "https://deno.land/x/denosass@1.0.6/src/wasm/grass.deno.js": "a72432ce8d6b8f9c31e31c71415fdca03fe36aa22417e414bc81e2e21a8a687b",
    "https://deno.land/x/djwt@v3.0.2/algorithm.ts": "b1c6645f9dbd6e6c47c123a3b18c28b956f91c65ed17f5b6d5d968fc3750542b",
    "https://deno.land/x/djwt@v3.0.2/deps.ts": "a7954fe567f2097b4f6aca11d091b6df658e485a817ac4dee47257ed5c28fd6e",
    "https://deno.land/x/djwt@v3.0.2/mod.ts": "962d8f2c4d6a4db111f45d777b152356aec31ba7db0ca664601175a422629857",
    "https://deno.land/x/djwt@v3.0.2/signature.ts": "16238fbf558267c85dd6c0178045f006c8b914a7301db87149f3318326569272",
    "https://deno.land/x/djwt@v3.0.2/util.ts": "5cb264d2125c553678e11446bcfa0494025d120e3f59d0a3ab38f6800def697d",
    "https://deno.land/x/esbuild@v0.25.1/mod.js": "7e92c3337a7afc17ced367ba9d3b788fc2bbb3b086f31f0d3116354fe18bf58f",
    "https://deno.land/x/fuse@v6.4.1/dist/fuse.esm.min.js": "02034c3e0a1d7f4d207ecd104c9cde1bab116d474dc60c2a019e9d4353455ff4",
    "https://deno.land/x/mimetypes@v1.0.0/mod.ts": "abd1ea614b32cfa7fd50b46f6e070617696664698b8a34935dc807f3035ad408",
    "https://deno.land/x/mimetypes@v1.0.0/src/mime.ts": "7cd7590eae6127dc1abfe710900fc749e94d5c715ffe8a148e59fe20ee21a9a5",
    "https://deno.land/x/react_icons@1.0.9/lib/iconBase.tsx": "8ae4746f8fbe5e4e00bfe448e38876a6c5d0ca7edf0846b917b971bec5beaa6c",
    "https://deno.land/x/react_icons@1.0.9/lib/iconContext.ts": "a3ef1f1821598622472bf8aea52eaa4fdc7d27149e1757d569e1dc1e3f34d49f",
    "https://deno.land/x/react_icons@1.0.9/mod.ts": "d92139aae32ee4c92272281d2061babb4367c6ce715f48921ae8884270fd709a",
    "https://deno.land/x/react_icons_md@1.0.9/deps.ts": "68cc4a569fad45a5956728ed79ee74b1290671aa8d048594b3256019a8da037f",
    "https://deno.land/x/react_icons_md@1.0.9/mod.ts": "2cea4b838d89cbeaae3ee8e38b175736711fcd18cf561291d6104ad072d74455",
    "https://deno.land/x/silverbullet@2.0.0-pre4/lib/asset_bundle/bundle.ts": "5cebb61d5ec523c9d2d8b222516ed3593d40601834c3c7d2aa2b48dad00986b1",
    "https://deno.land/x/silverbullet@2.0.0-pre4/lib/crypto.ts": "62a2fa4fa5656de53856fcaf70f8e1ec561fc949d26d34168372d7963a727886",
    "https://deno.land/x/silverbullet@2.0.0-pre4/lib/data/kv_primitives.ts": "d8e5759d241321885134ce4132bc61b33f0ba3bfe6ce271633a4bcc2f4e12270",
    "https://deno.land/x/silverbullet@2.0.0-pre4/lib/manifest.ts": "2628716fffdff63e3aa8462c3b68928b70f686e2bbe8ff5bd41d057773875e63",
    "https://deno.land/x/silverbullet@2.0.0-pre4/lib/plugos/event.ts": "da055088f3d1d93f31aadd7e16a97061033fdba5807609f3838280352dbbc15e",
    "https://deno.land/x/silverbullet@2.0.0-pre4/lib/plugos/manifest_cache.ts": "c6eaed062ade506ed98a0fa3686f161f58ff839e939f0aa536a371dabd43ca8f",
    "https://deno.land/x/silverbullet@2.0.0-pre4/lib/plugos/namespace.ts": "0a870e11ffefcf9c5fe9e8d11d5ed07dcd19bdd28c4289f96f8bcf95ec44baf2",
    "https://deno.land/x/silverbullet@2.0.0-pre4/lib/plugos/plug.ts": "d3470c6b2040c7e94576f8685a37ca1553ab5ad95760d9566f3c336cb97eee9d",
    "https://deno.land/x/silverbullet@2.0.0-pre4/lib/plugos/protocol.ts": "953341d218c74d662b549e328551033e303ae196a6b27f464b5b394fa7fb1940",
    "https://deno.land/x/silverbullet@2.0.0-pre4/lib/plugos/sandboxes/sandbox.ts": "cc46432492871bf96279050449455b32cf435bef1abc0a1fccc1d87f34143e8e",
    "https://deno.land/x/silverbullet@2.0.0-pre4/lib/plugos/system.ts": "5b99c8b793edc4de0039dbc8c0532119ec346150a8e129b1fe229361246d59a2",
    "https://deno.land/x/silverbullet@2.0.0-pre4/lib/plugos/types.ts": "e4decd11d40797161b4fed67cc432f370ceb159b4680c57dde97e6300ea0abfb",
    "https://deno.land/x/silverbullet@2.0.0-pre4/lib/plugos/worker_runtime.ts": "6f16899c0a3d2525c4bf3f881463bce2d7f2b8b55f072fd74ae0f621ba74fea0",
    "https://deno.land/x/silverbullet@2.0.0-pre4/lib/proxy_fetch.ts": "831d98cf7f9ada653fc958f52ad367d8511e2634400c29e1fe9d6babd230c0bf",
    "https://deno.land/x/silverbullet@2.0.0-pre4/type/datastore.ts": "43ac83561844fc5224bd2d5c6c2a92a2cdda6688d29b798c624e3c90bca7ab9d"
  },
  "workspace": {
    "dependencies": [
      "jsr:@cliffy/command@^1.0.0-rc.7",
      "jsr:@cliffy/prompt@^1.0.0-rc.7",
      "jsr:@hono/hono@4.8.0",
      "jsr:@luca/esbuild-deno-loader@~0.11.1",
      "jsr:@std/assert@^1.0.1",
      "jsr:@std/cli@^1.0.1",
      "jsr:@std/fs@^1.0.18",
      "jsr:@std/io@~0.225.2",
      "jsr:@std/path@^1.0.8",
      "jsr:@std/testing@^1.0.14",
      "jsr:@std/yaml@^1.0.8",
      "npm:@codemirror/autocomplete@6.18.6",
      "npm:@codemirror/commands@6.8.1",
      "npm:@codemirror/lang-css@6.3.1",
      "npm:@codemirror/lang-html@6.4.9",
      "npm:@codemirror/lang-javascript@6.2.4",
      "npm:@codemirror/lang-markdown@6.3.3",
      "npm:@codemirror/language@6.11.1",
      "npm:@codemirror/legacy-modes@6.5.1",
      "npm:@codemirror/lint@6.8.5",
      "npm:@codemirror/search@6.5.11",
      "npm:@codemirror/state@6.5.2",
      "npm:@codemirror/view@6.37.2",
      "npm:@joplin/turndown-plugin-gfm@1.0.62",
      "npm:@lezer/common@1.2.3",
      "npm:@lezer/css@1.2.1",
      "npm:@lezer/highlight@1.2.1",
      "npm:@lezer/html@1.3.10",
      "npm:@lezer/javascript@1.5.1",
      "npm:@lezer/lr@1.4.2",
      "npm:@lezer/markdown@1.4.3",
      "npm:@replit/codemirror-lang-nix@6.0.1",
      "npm:@replit/codemirror-vim@6.3.0",
      "npm:ajv@8.17.1",
      "npm:crelt@1.0.6",
      "npm:fake-indexeddb@6.0.1",
      "npm:fast-diff@1.3.0",
      "npm:gitignore-parser@0.0.2",
      "npm:idb@8.0.3",
      "npm:js-yaml@4.1.0",
      "npm:porter-stemmer@0.9.1",
      "npm:preact-feather@4.2.1",
      "npm:preact@10.26.4",
      "npm:preact@10.26.9",
      "npm:style-mod@4.1.2",
      "npm:turndown@7.2.0"
    ]
  }
}
