{
  "name": "silverbullet",
  "version": "0.0.0",
  "lockfileVersion": 2,
  "requires": true,
  "packages": {
    "": {
      "name": "silverbullet",
      "version": "0.0.0",
      "dependencies": {
        "netlify-plugin-cache": "^1.0.3"
      }
    },
    "node_modules/netlify-plugin-cache": {
      "version": "1.0.3",
      "resolved": "https://registry.npmjs.org/netlify-plugin-cache/-/netlify-plugin-cache-1.0.3.tgz",
      "integrity": "sha512-CTOwNWrTOP59T6y6unxQNnp1WX702v2R/faR5peSH94ebrYfyY4zT5IsRcIiHKq57jXeyCrhy0GLuTN8ktzuQg=="
    }
  },
  "dependencies": {
    "netlify-plugin-cache": {
      "version": "1.0.3",
      "resolved": "https://registry.npmjs.org/netlify-plugin-cache/-/netlify-plugin-cache-1.0.3.tgz",
      "integrity": "sha512-CTOwNWrTOP59T6y6unxQNnp1WX702v2R/faR5peSH94ebrYfyY4zT5IsRcIiHKq57jXeyCrhy0GLuTN8ktzuQg=="
    }
  }
}
